
Microsoft Visual Studio Solution File, Format Version 12.00
# Visual Studio Version 17
VisualStudioVersion = 17.10.35013.160
MinimumVisualStudioVersion = 10.0.40219.1
Project("{9A19103F-16F7-4668-BE54-9A1E7A4F7556}") = "UI.Ticket.WebUI", "src\UI.Ticket.WebUI\UI.Ticket.WebUI.csproj", "{758F0F81-49C2-4B59-BBEF-955137D8AF9F}"
EndProject
Project("{9A19103F-16F7-4668-BE54-9A1E7A4F7556}") = "UI.Ticket.Domain", "src\UI.Ticket.Domain\UI.Ticket.Domain.csproj", "{A4ECC207-D4BF-4180-8552-D1C93AD79C8F}"
EndProject
Project("{9A19103F-16F7-4668-BE54-9A1E7A4F7556}") = "UI.Ticket.Application", "src\UI.Ticket.Application\UI.Ticket.Application.csproj", "{45FF42B6-B0E8-4917-BD9A-0282C7FD6485}"
EndProject
Project("{FAE04EC0-301F-11D3-BF4B-00C04F79EFBC}") = "UI.Ticket.Infra.Data", "src\UI.Ticket.Infra.Data\UI.Ticket.Infra.Data.csproj", "{9B0897F3-32CC-42BD-A9A0-D8ACA2F18354}"
EndProject
Global
	GlobalSection(SolutionConfigurationPlatforms) = preSolution
		Debug|Any CPU = Debug|Any CPU
		Release|Any CPU = Release|Any CPU
	EndGlobalSection
	GlobalSection(ProjectConfigurationPlatforms) = postSolution
		{758F0F81-49C2-4B59-BBEF-955137D8AF9F}.Debug|Any CPU.ActiveCfg = Debug|Any CPU
		{758F0F81-49C2-4B59-BBEF-955137D8AF9F}.Debug|Any CPU.Build.0 = Debug|Any CPU
		{758F0F81-49C2-4B59-BBEF-955137D8AF9F}.Release|Any CPU.ActiveCfg = Release|Any CPU
		{758F0F81-49C2-4B59-BBEF-955137D8AF9F}.Release|Any CPU.Build.0 = Release|Any CPU
		{A4ECC207-D4BF-4180-8552-D1C93AD79C8F}.Debug|Any CPU.ActiveCfg = Debug|Any CPU
		{A4ECC207-D4BF-4180-8552-D1C93AD79C8F}.Debug|Any CPU.Build.0 = Debug|Any CPU
		{A4ECC207-D4BF-4180-8552-D1C93AD79C8F}.Release|Any CPU.ActiveCfg = Release|Any CPU
		{A4ECC207-D4BF-4180-8552-D1C93AD79C8F}.Release|Any CPU.Build.0 = Release|Any CPU
		{45FF42B6-B0E8-4917-BD9A-0282C7FD6485}.Debug|Any CPU.ActiveCfg = Debug|Any CPU
		{45FF42B6-B0E8-4917-BD9A-0282C7FD6485}.Debug|Any CPU.Build.0 = Debug|Any CPU
		{45FF42B6-B0E8-4917-BD9A-0282C7FD6485}.Release|Any CPU.ActiveCfg = Release|Any CPU
		{45FF42B6-B0E8-4917-BD9A-0282C7FD6485}.Release|Any CPU.Build.0 = Release|Any CPU
		{9B0897F3-32CC-42BD-A9A0-D8ACA2F18354}.Debug|Any CPU.ActiveCfg = Debug|Any CPU
		{9B0897F3-32CC-42BD-A9A0-D8ACA2F18354}.Debug|Any CPU.Build.0 = Debug|Any CPU
		{9B0897F3-32CC-42BD-A9A0-D8ACA2F18354}.Release|Any CPU.ActiveCfg = Release|Any CPU
		{9B0897F3-32CC-42BD-A9A0-D8ACA2F18354}.Release|Any CPU.Build.0 = Release|Any CPU
	EndGlobalSection
	GlobalSection(SolutionProperties) = preSolution
		HideSolutionNode = FALSE
	EndGlobalSection
	GlobalSection(ExtensibilityGlobals) = postSolution
		SolutionGuid = {85F627F8-0D04-4C30-8C34-33F08182CE90}
	EndGlobalSection
EndGlobal
